
Microsoft Visual Studio Solution File, Format Version 12.00
# Visual Studio Version 16
VisualStudioVersion = 16.0.29025.244
MinimumVisualStudioVersion = 10.0.40219.1
Project("{FAE04EC0-301F-11D3-BF4B-00C04F79EFBC}") = "Finance", "Finance\Finance.csproj", "{0C2EFEDA-E2A6-42D8-883C-24D0168722EC}"
EndProject
Global
	GlobalSection(SolutionConfigurationPlatforms) = preSolution
		Debug|Any CPU = Debug|Any CPU
		Release|Any CPU = Release|Any CPU
	EndGlobalSection
	GlobalSection(ProjectConfigurationPlatforms) = postSolution
		{0C2EFEDA-E2A6-42D8-883C-24D0168722EC}.Debug|Any CPU.ActiveCfg = Debug|Any CPU
		{0C2EFEDA-E2A6-42D8-883C-24D0168722EC}.Debug|Any CPU.Build.0 = Debug|Any CPU
		{0C2EFEDA-E2A6-42D8-883C-24D0168722EC}.Release|Any CPU.ActiveCfg = Release|Any CPU
		{0C2EFEDA-E2A6-42D8-883C-24D0168722EC}.Release|Any CPU.Build.0 = Release|Any CPU
	EndGlobalSection
	GlobalSection(SolutionProperties) = preSolution
		HideSolutionNode = FALSE
	EndGlobalSection
	GlobalSection(ExtensibilityGlobals) = postSolution
		SolutionGuid = {4DF6CBB7-DACA-47D3-ABAA-A9D6487F8105}
	EndGlobalSection
EndGlobal
